
Microsoft Visual Studio Solution File, Format Version 12.00
# Visual Studio Version 17
VisualStudioVersion = 17.13.35818.85 d17.13
MinimumVisualStudioVersion = 10.0.40219.1
Project("{FAE04EC0-301F-11D3-BF4B-00C04F79EFBC}") = "Code", "Code\Code.csproj", "{17B98084-9DFB-4F9A-9B2A-57B2061DA7E3}"
EndProject
Project("{FAE04EC0-301F-11D3-BF4B-00C04F79EFBC}") = "CodeGenerator", "CodeGenerator\CodeGenerator.csproj", "{4BDF4342-2439-4CC1-8BCD-4277201050F7}"
EndProject
Global
	GlobalSection(SolutionConfigurationPlatforms) = preSolution
		Debug|Any CPU = Debug|Any CPU
		Release|Any CPU = Release|Any CPU
	EndGlobalSection
	GlobalSection(ProjectConfigurationPlatforms) = postSolution
		{17B98084-9DFB-4F9A-9B2A-57B2061DA7E3}.Debug|Any CPU.ActiveCfg = Debug|Any CPU
		{17B98084-9DFB-4F9A-9B2A-57B2061DA7E3}.Debug|Any CPU.Build.0 = Debug|Any CPU
		{17B98084-9DFB-4F9A-9B2A-57B2061DA7E3}.Release|Any CPU.ActiveCfg = Release|Any CPU
		{17B98084-9DFB-4F9A-9B2A-57B2061DA7E3}.Release|Any CPU.Build.0 = Release|Any CPU
		{4BDF4342-2439-4CC1-8BCD-4277201050F7}.Debug|Any CPU.ActiveCfg = Debug|Any CPU
		{4BDF4342-2439-4CC1-8BCD-4277201050F7}.Debug|Any CPU.Build.0 = Debug|Any CPU
		{4BDF4342-2439-4CC1-8BCD-4277201050F7}.Release|Any CPU.ActiveCfg = Release|Any CPU
		{4BDF4342-2439-4CC1-8BCD-4277201050F7}.Release|Any CPU.Build.0 = Release|Any CPU
	EndGlobalSection
	GlobalSection(SolutionProperties) = preSolution
		HideSolutionNode = FALSE
	EndGlobalSection
	GlobalSection(ExtensibilityGlobals) = postSolution
		SolutionGuid = {14B91D16-A999-471F-A017-8D72DAF4EA4C}
	EndGlobalSection
EndGlobal
